
Microsoft Visual Studio Solution File, Format Version 12.00
# Visual Studio Version 16
VisualStudioVersion = 16.0.30621.155
MinimumVisualStudioVersion = 10.0.40219.1
Project("{9092AA53-FB77-4645-B42D-1CCCA6BD08BD}") = "VuejsApp1", "VuejsApp1\VuejsApp1.njsproj", "{7800FBBA-CEE8-421D-88DF-2DDBFF4950AF}"
EndProject
Global
	GlobalSection(SolutionConfigurationPlatforms) = preSolution
		Debug|Any CPU = Debug|Any CPU
		Release|Any CPU = Release|Any CPU
	EndGlobalSection
	GlobalSection(ProjectConfigurationPlatforms) = postSolution
		{7800FBBA-CEE8-421D-88DF-2DDBFF4950AF}.Debug|Any CPU.ActiveCfg = Debug|Any CPU
		{7800FBBA-CEE8-421D-88DF-2DDBFF4950AF}.Debug|Any CPU.Build.0 = Debug|Any CPU
		{7800FBBA-CEE8-421D-88DF-2DDBFF4950AF}.Release|Any CPU.ActiveCfg = Release|Any CPU
		{7800FBBA-CEE8-421D-88DF-2DDBFF4950AF}.Release|Any CPU.Build.0 = Release|Any CPU
	EndGlobalSection
	GlobalSection(SolutionProperties) = preSolution
		HideSolutionNode = FALSE
	EndGlobalSection
	GlobalSection(ExtensibilityGlobals) = postSolution
		SolutionGuid = {BE461A91-E8B6-40AE-9014-A989F261DCDC}
	EndGlobalSection
EndGlobal
